
Microsoft Visual Studio Solution File, Format Version 12.00
# Visual Studio 15
Project("{FAE04EC0-301F-11D3-BF4B-00C04F79EFBC}") = "Assembly-CSharp", "Assembly-CSharp.csproj", "{01BFDC49-E20C-3CC1-281F-A3B3C4B18A85}"
EndProject
Global
	GlobalSection(SolutionConfigurationPlatforms) = preSolution
		Debug|Any CPU = Debug|Any CPU
		Release|Any CPU = Release|Any CPU
	EndGlobalSection
	GlobalSection(ProjectConfigurationPlatforms) = postSolution
		{01BFDC49-E20C-3CC1-281F-A3B3C4B18A85}.Debug|Any CPU.ActiveCfg = Debug|Any CPU
		{01BFDC49-E20C-3CC1-281F-A3B3C4B18A85}.Debug|Any CPU.Build.0 = Debug|Any CPU
		{01BFDC49-E20C-3CC1-281F-A3B3C4B18A85}.Release|Any CPU.ActiveCfg = Release|Any CPU
		{01BFDC49-E20C-3CC1-281F-A3B3C4B18A85}.Release|Any CPU.Build.0 = Release|Any CPU
	EndGlobalSection
	GlobalSection(SolutionProperties) = preSolution
		HideSolutionNode = FALSE
	EndGlobalSection
EndGlobal
